
Microsoft Visual Studio Solution File, Format Version 12.00
# Visual Studio Version 17
VisualStudioVersion = 17.1.32127.271
MinimumVisualStudioVersion = 10.0.40219.1
Project("{FAE04EC0-301F-11D3-BF4B-00C04F79EFBC}") = "Chronicle.Integrations.SQLServer", "Chronicle.Integrations.SQLServer\Chronicle.Integrations.SQLServer.csproj", "{A1717F96-E7B2-42D9-8C16-A1102563945E}"
EndProject
Project("{FAE04EC0-301F-11D3-BF4B-00C04F79EFBC}") = "Tests", "Tests\Tests.csproj", "{789B9C8B-9720-4040-8F53-B2071044D40C}"
EndProject
Global
	GlobalSection(SolutionConfigurationPlatforms) = preSolution
		Debug|Any CPU = Debug|Any CPU
		Release|Any CPU = Release|Any CPU
	EndGlobalSection
	GlobalSection(ProjectConfigurationPlatforms) = postSolution
		{A1717F96-E7B2-42D9-8C16-A1102563945E}.Debug|Any CPU.ActiveCfg = Debug|Any CPU
		{A1717F96-E7B2-42D9-8C16-A1102563945E}.Debug|Any CPU.Build.0 = Debug|Any CPU
		{A1717F96-E7B2-42D9-8C16-A1102563945E}.Release|Any CPU.ActiveCfg = Release|Any CPU
		{A1717F96-E7B2-42D9-8C16-A1102563945E}.Release|Any CPU.Build.0 = Release|Any CPU
		{789B9C8B-9720-4040-8F53-B2071044D40C}.Debug|Any CPU.ActiveCfg = Debug|Any CPU
		{789B9C8B-9720-4040-8F53-B2071044D40C}.Debug|Any CPU.Build.0 = Debug|Any CPU
		{789B9C8B-9720-4040-8F53-B2071044D40C}.Release|Any CPU.ActiveCfg = Release|Any CPU
		{789B9C8B-9720-4040-8F53-B2071044D40C}.Release|Any CPU.Build.0 = Release|Any CPU
	EndGlobalSection
	GlobalSection(SolutionProperties) = preSolution
		HideSolutionNode = FALSE
	EndGlobalSection
	GlobalSection(ExtensibilityGlobals) = postSolution
		SolutionGuid = {0A77633F-DF6C-44F9-8F3E-085B6DFE6AE4}
	EndGlobalSection
EndGlobal
